
Microsoft Visual Studio Solution File, Format Version 12.00
# Visual Studio Version 17
VisualStudioVersion = 17.5.002.0
MinimumVisualStudioVersion = 10.0.40219.1
Project("{9A19103F-16F7-4668-BE54-9A1E7A4F7556}") = "BG3ModdingUtil", "BG3ModdingUtil.csproj", "{FBC96B23-4E25-4CF3-AB39-BE3E9B60A4E7}"
EndProject
Global
	GlobalSection(SolutionConfigurationPlatforms) = preSolution
		Debug|Any CPU = Debug|Any CPU
		Release|Any CPU = Release|Any CPU
	EndGlobalSection
	GlobalSection(ProjectConfigurationPlatforms) = postSolution
		{FBC96B23-4E25-4CF3-AB39-BE3E9B60A4E7}.Debug|Any CPU.ActiveCfg = Debug|Any CPU
		{FBC96B23-4E25-4CF3-AB39-BE3E9B60A4E7}.Debug|Any CPU.Build.0 = Debug|Any CPU
		{FBC96B23-4E25-4CF3-AB39-BE3E9B60A4E7}.Release|Any CPU.ActiveCfg = Release|Any CPU
		{FBC96B23-4E25-4CF3-AB39-BE3E9B60A4E7}.Release|Any CPU.Build.0 = Release|Any CPU
	EndGlobalSection
	GlobalSection(SolutionProperties) = preSolution
		HideSolutionNode = FALSE
	EndGlobalSection
	GlobalSection(ExtensibilityGlobals) = postSolution
		SolutionGuid = {1C58242E-982F-4DB4-9D80-99902926FA0D}
	EndGlobalSection
EndGlobal
